
Microsoft Visual Studio Solution File, Format Version 12.00
# Visual Studio Version 17
VisualStudioVersion = 17.13.35806.99
MinimumVisualStudioVersion = 10.0.40219.1
Project("{FAE04EC0-301F-11D3-BF4B-00C04F79EFBC}") = "ProductManagerAPI", "ProductManagerAPI\ProductManagerAPI.csproj", "{AB203281-AA9F-4A70-9AE5-D89C5F5D34BF}"
EndProject
Global
	GlobalSection(SolutionConfigurationPlatforms) = preSolution
		Debug|Any CPU = Debug|Any CPU
		Release|Any CPU = Release|Any CPU
	EndGlobalSection
	GlobalSection(ProjectConfigurationPlatforms) = postSolution
		{AB203281-AA9F-4A70-9AE5-D89C5F5D34BF}.Debug|Any CPU.ActiveCfg = Debug|Any CPU
		{AB203281-AA9F-4A70-9AE5-D89C5F5D34BF}.Debug|Any CPU.Build.0 = Debug|Any CPU
		{AB203281-AA9F-4A70-9AE5-D89C5F5D34BF}.Release|Any CPU.ActiveCfg = Release|Any CPU
		{AB203281-AA9F-4A70-9AE5-D89C5F5D34BF}.Release|Any CPU.Build.0 = Release|Any CPU
	EndGlobalSection
	GlobalSection(SolutionProperties) = preSolution
		HideSolutionNode = FALSE
	EndGlobalSection
	GlobalSection(ExtensibilityGlobals) = postSolution
		SolutionGuid = {28FD8A66-D36C-408B-B72D-4E225FFE2A39}
	EndGlobalSection
EndGlobal
